{
  "requires": true,
  "lockfileVersion": 1,
  "dependencies": {
    "@openmeteo/sdk": {
      "version": "1.17.0",
      "resolved": "https://registry.npmjs.org/@openmeteo/sdk/-/sdk-1.17.0.tgz",
      "integrity": "sha512-N94qtFgJLz6ygE4w7sfQZ/HFcqbAHDJTMKhzgfnxshaam5mlNueogjaFGi35m0xiQXaqt4KsHthPVOXJksWMhA==",
      "requires": {
        "flatbuffers": "^24.3.25"
      }
    },
    "@types/node": {
      "version": "22.7.6",
      "resolved": "https://registry.npmjs.org/@types/node/-/node-22.7.6.tgz",
      "integrity": "sha512-/d7Rnj0/ExXDMcioS78/kf1lMzYk4BZV8MZGTBKzTGZ6/406ukkbYlIsZmMPhcR5KlkunDHQLrtAVmSq7r+mSw==",
      "requires": {
        "undici-types": "~6.19.2"
      }
    },
    "flatbuffers": {
      "version": "24.3.25",
      "resolved": "https://registry.npmjs.org/flatbuffers/-/flatbuffers-24.3.25.tgz",
      "integrity": "sha512-3HDgPbgiwWMI9zVB7VYBHaMrbOO7Gm0v+yD2FV/sCKj+9NDeVL7BOBYUuhWAQGKWOzBo8S9WdMvV0eixO233XQ=="
    },
    "openmeteo": {
      "version": "1.1.4",
      "resolved": "https://registry.npmjs.org/openmeteo/-/openmeteo-1.1.4.tgz",
      "integrity": "sha512-TalTDl0M7JJoeRTf+rWiFZ9SLvoxm7KkFLOQqcSjCiYs+bVMhax1qtryJqeZ1RF4W4Xfsgcl9x+VC1z39ULCxA==",
      "requires": {
        "@openmeteo/sdk": "^1.11.4",
        "flatbuffers": "^24.3.25"
      }
    },
    "typescript": {
      "version": "5.6.3",
      "resolved": "https://registry.npmjs.org/typescript/-/typescript-5.6.3.tgz",
      "integrity": "sha512-hjcS1mhfuyi4WW8IWtjP7brDrG2cuDZukyrYrSauoXGNgx0S7zceP07adYkJycEr56BOUTNPzbInooiN3fn1qw=="
    },
    "undici-types": {
      "version": "6.19.8",
      "resolved": "https://registry.npmjs.org/undici-types/-/undici-types-6.19.8.tgz",
      "integrity": "sha512-ve2KP6f/JnbPBFyobGHuerC9g1FYGn/F8n1LWTwNxCEzd6IfqTwUQcNXgEtmmQ6DlRrC1hrSrBnCZPokRrDHjw=="
    }
  }
}
